
Microsoft Visual Studio Solution File, Format Version 12.00
# Visual Studio Version 17
VisualStudioVersion = 17.14.36401.2
MinimumVisualStudioVersion = 10.0.40219.1
Project("{FAE04EC0-301F-11D3-BF4B-00C04F79EFBC}") = "demos_EF_core", "demos_EF_core.csproj", "{714AA17B-D630-4EFE-AA63-D3E6B3830E48}"
EndProject
Project("{FAE04EC0-301F-11D3-BF4B-00C04F79EFBC}") = "ass_EF01", "..\ass_EF01\ass_EF01.csproj", "{F9A49407-146E-4150-84AA-EA34A7605223}"
EndProject
Global
	GlobalSection(SolutionConfigurationPlatforms) = preSolution
		Debug|Any CPU = Debug|Any CPU
		Release|Any CPU = Release|Any CPU
	EndGlobalSection
	GlobalSection(ProjectConfigurationPlatforms) = postSolution
		{714AA17B-D630-4EFE-AA63-D3E6B3830E48}.Debug|Any CPU.ActiveCfg = Debug|Any CPU
		{714AA17B-D630-4EFE-AA63-D3E6B3830E48}.Debug|Any CPU.Build.0 = Debug|Any CPU
		{714AA17B-D630-4EFE-AA63-D3E6B3830E48}.Release|Any CPU.ActiveCfg = Release|Any CPU
		{714AA17B-D630-4EFE-AA63-D3E6B3830E48}.Release|Any CPU.Build.0 = Release|Any CPU
		{F9A49407-146E-4150-84AA-EA34A7605223}.Debug|Any CPU.ActiveCfg = Debug|Any CPU
		{F9A49407-146E-4150-84AA-EA34A7605223}.Debug|Any CPU.Build.0 = Debug|Any CPU
		{F9A49407-146E-4150-84AA-EA34A7605223}.Release|Any CPU.ActiveCfg = Release|Any CPU
		{F9A49407-146E-4150-84AA-EA34A7605223}.Release|Any CPU.Build.0 = Release|Any CPU
	EndGlobalSection
	GlobalSection(SolutionProperties) = preSolution
		HideSolutionNode = FALSE
	EndGlobalSection
	GlobalSection(ExtensibilityGlobals) = postSolution
		SolutionGuid = {85966B63-C4CA-4BC6-B47E-6D2DA2BE6E7B}
	EndGlobalSection
EndGlobal
